# This file is automatically @generated by Cargo.
# It is not intended for manual editing.
version = 4

[[package]]
name = "byteorder"
version = "1.4.3"
source = "registry+https://github.com/rust-lang/crates.io-index"
checksum = "14c189c53d098945499cdfa7ecc63567cf3886b3332b312a5b4585d8d3a6a610"

[[package]]
name = "mkspacepacket"
version = "0.1.0"
dependencies = [
 "spacepacket",
]

[[package]]
name = "spacepacket"
version = "0.1.1"
source = "registry+https://github.com/rust-lang/crates.io-index"
checksum = "415697d2522f8c02fdfb8af7b04cb84907b46fbb26797791bb6d1ab35297101e"
dependencies = [
 "byteorder",
]
